
Microsoft Visual Studio Solution File, Format Version 12.00
# Visual Studio Version 16
VisualStudioVersion = 16.0.29123.88
MinimumVisualStudioVersion = 10.0.40219.1
Project("{FAE04EC0-301F-11D3-BF4B-00C04F79EFBC}") = "SGLClientBase", "SGLClientBase\SGLClientBase.csproj", "{4FAAA220-0195-4A49-BAF6-0DA7070A81E7}"
EndProject
Global
	GlobalSection(SolutionConfigurationPlatforms) = preSolution
		Debug|Any CPU = Debug|Any CPU
		Release|Any CPU = Release|Any CPU
	EndGlobalSection
	GlobalSection(ProjectConfigurationPlatforms) = postSolution
		{4FAAA220-0195-4A49-BAF6-0DA7070A81E7}.Debug|Any CPU.ActiveCfg = Debug|Any CPU
		{4FAAA220-0195-4A49-BAF6-0DA7070A81E7}.Debug|Any CPU.Build.0 = Debug|Any CPU
		{4FAAA220-0195-4A49-BAF6-0DA7070A81E7}.Release|Any CPU.ActiveCfg = Release|Any CPU
		{4FAAA220-0195-4A49-BAF6-0DA7070A81E7}.Release|Any CPU.Build.0 = Release|Any CPU
	EndGlobalSection
	GlobalSection(SolutionProperties) = preSolution
		HideSolutionNode = FALSE
	EndGlobalSection
	GlobalSection(ExtensibilityGlobals) = postSolution
		SolutionGuid = {62D73F0E-2AC1-49B6-85F4-F830F0C5F402}
	EndGlobalSection
EndGlobal
